
Microsoft Visual Studio Solution File, Format Version 12.00
# Visual Studio Version 17
VisualStudioVersion = 17.8.34004.107
MinimumVisualStudioVersion = 10.0.40219.1
Project("{9A19103F-16F7-4668-BE54-9A1E7A4F7556}") = "BulkyWeb", "BulkyWeb\BulkyWeb.csproj", "{BCBDFE94-CD63-4796-B2CC-33367F7BB0B1}"
EndProject
Project("{FAE04EC0-301F-11D3-BF4B-00C04F79EFBC}") = "Bulky.DataAccess", "Bulky.DataAccess\Bulky.DataAccess.csproj", "{12FD11A5-979C-4DF2-A7DD-7AB5F5C3AC58}"
EndProject
Project("{FAE04EC0-301F-11D3-BF4B-00C04F79EFBC}") = "Bulky.Models", "Bulky.Models\Bulky.Models.csproj", "{35F57027-E02B-4864-AEBF-2D44895D485A}"
EndProject
Project("{FAE04EC0-301F-11D3-BF4B-00C04F79EFBC}") = "Bulky.Utility", "Bulky.Utility\Bulky.Utility.csproj", "{72E05A08-5A78-4BB5-B463-B827AE959F4E}"
EndProject
Global
	GlobalSection(SolutionConfigurationPlatforms) = preSolution
		Debug|Any CPU = Debug|Any CPU
		Release|Any CPU = Release|Any CPU
	EndGlobalSection
	GlobalSection(ProjectConfigurationPlatforms) = postSolution
		{BCBDFE94-CD63-4796-B2CC-33367F7BB0B1}.Debug|Any CPU.ActiveCfg = Debug|Any CPU
		{BCBDFE94-CD63-4796-B2CC-33367F7BB0B1}.Debug|Any CPU.Build.0 = Debug|Any CPU
		{BCBDFE94-CD63-4796-B2CC-33367F7BB0B1}.Release|Any CPU.ActiveCfg = Release|Any CPU
		{BCBDFE94-CD63-4796-B2CC-33367F7BB0B1}.Release|Any CPU.Build.0 = Release|Any CPU
		{12FD11A5-979C-4DF2-A7DD-7AB5F5C3AC58}.Debug|Any CPU.ActiveCfg = Debug|Any CPU
		{12FD11A5-979C-4DF2-A7DD-7AB5F5C3AC58}.Debug|Any CPU.Build.0 = Debug|Any CPU
		{12FD11A5-979C-4DF2-A7DD-7AB5F5C3AC58}.Release|Any CPU.ActiveCfg = Release|Any CPU
		{12FD11A5-979C-4DF2-A7DD-7AB5F5C3AC58}.Release|Any CPU.Build.0 = Release|Any CPU
		{35F57027-E02B-4864-AEBF-2D44895D485A}.Debug|Any CPU.ActiveCfg = Debug|Any CPU
		{35F57027-E02B-4864-AEBF-2D44895D485A}.Debug|Any CPU.Build.0 = Debug|Any CPU
		{35F57027-E02B-4864-AEBF-2D44895D485A}.Release|Any CPU.ActiveCfg = Release|Any CPU
		{35F57027-E02B-4864-AEBF-2D44895D485A}.Release|Any CPU.Build.0 = Release|Any CPU
		{72E05A08-5A78-4BB5-B463-B827AE959F4E}.Debug|Any CPU.ActiveCfg = Debug|Any CPU
		{72E05A08-5A78-4BB5-B463-B827AE959F4E}.Debug|Any CPU.Build.0 = Debug|Any CPU
		{72E05A08-5A78-4BB5-B463-B827AE959F4E}.Release|Any CPU.ActiveCfg = Release|Any CPU
		{72E05A08-5A78-4BB5-B463-B827AE959F4E}.Release|Any CPU.Build.0 = Release|Any CPU
	EndGlobalSection
	GlobalSection(SolutionProperties) = preSolution
		HideSolutionNode = FALSE
	EndGlobalSection
	GlobalSection(ExtensibilityGlobals) = postSolution
		SolutionGuid = {9FD94F83-AC54-43FA-9845-9BFC4010376C}
	EndGlobalSection
EndGlobal
